
Microsoft Visual Studio Solution File, Format Version 12.00
# Visual Studio Version 16
VisualStudioVersion = 16.0.29613.14
MinimumVisualStudioVersion = 10.0.40219.1
Project("{8BC9CEB8-8B4A-11D0-8D11-00A0C91BC942}") = "animationtest", "animationtest\animationtest.vcxproj", "{803CD228-16AF-4813-8B38-5F192DA03CB1}"
EndProject
Global
	GlobalSection(SolutionConfigurationPlatforms) = preSolution
		Debug|x64 = Debug|x64
		Debug|x86 = Debug|x86
		Release|x64 = Release|x64
		Release|x86 = Release|x86
	EndGlobalSection
	GlobalSection(ProjectConfigurationPlatforms) = postSolution
		{803CD228-16AF-4813-8B38-5F192DA03CB1}.Debug|x64.ActiveCfg = Debug|x64
		{803CD228-16AF-4813-8B38-5F192DA03CB1}.Debug|x64.Build.0 = Debug|x64
		{803CD228-16AF-4813-8B38-5F192DA03CB1}.Debug|x86.ActiveCfg = Debug|Win32
		{803CD228-16AF-4813-8B38-5F192DA03CB1}.Debug|x86.Build.0 = Debug|Win32
		{803CD228-16AF-4813-8B38-5F192DA03CB1}.Release|x64.ActiveCfg = Release|x64
		{803CD228-16AF-4813-8B38-5F192DA03CB1}.Release|x64.Build.0 = Release|x64
		{803CD228-16AF-4813-8B38-5F192DA03CB1}.Release|x86.ActiveCfg = Release|Win32
		{803CD228-16AF-4813-8B38-5F192DA03CB1}.Release|x86.Build.0 = Release|Win32
	EndGlobalSection
	GlobalSection(SolutionProperties) = preSolution
		HideSolutionNode = FALSE
	EndGlobalSection
	GlobalSection(ExtensibilityGlobals) = postSolution
		SolutionGuid = {49AB6B2D-B32C-43F2-8E6E-6DE32452B70F}
	EndGlobalSection
EndGlobal
